
Microsoft Visual Studio Solution File, Format Version 12.00
# Visual Studio 15
VisualStudioVersion = 15.0.28307.102
MinimumVisualStudioVersion = 10.0.40219.1
Project("{FAE04EC0-301F-11D3-BF4B-00C04F79EFBC}") = "Selenium.Framework.Core", "Selenium.Framework.Core\Selenium.Framework.Core.csproj", "{CA6F34AA-9867-42C9-9D9A-A557668871F0}"
EndProject
Project("{FAE04EC0-301F-11D3-BF4B-00C04F79EFBC}") = "Selenium.Framework.Core.Test", "Selenium.Framework.Core.Test\Selenium.Framework.Core.Test.csproj", "{B44433CD-8D34-47D5-AC72-0033F80029AD}"
EndProject
Project("{9A19103F-16F7-4668-BE54-9A1E7A4F7556}") = "Selenium.Droid.RebootRouter", "Selenium.Droid.RebootRouter\Selenium.Droid.RebootRouter.csproj", "{1004E85B-E38C-40FC-8DB1-1FECD61213DF}"
EndProject
Global
	GlobalSection(SolutionConfigurationPlatforms) = preSolution
		Debug|Any CPU = Debug|Any CPU
		Release|Any CPU = Release|Any CPU
	EndGlobalSection
	GlobalSection(ProjectConfigurationPlatforms) = postSolution
		{CA6F34AA-9867-42C9-9D9A-A557668871F0}.Debug|Any CPU.ActiveCfg = Debug|Any CPU
		{CA6F34AA-9867-42C9-9D9A-A557668871F0}.Debug|Any CPU.Build.0 = Debug|Any CPU
		{CA6F34AA-9867-42C9-9D9A-A557668871F0}.Release|Any CPU.ActiveCfg = Release|Any CPU
		{CA6F34AA-9867-42C9-9D9A-A557668871F0}.Release|Any CPU.Build.0 = Release|Any CPU
		{B44433CD-8D34-47D5-AC72-0033F80029AD}.Debug|Any CPU.ActiveCfg = Debug|Any CPU
		{B44433CD-8D34-47D5-AC72-0033F80029AD}.Debug|Any CPU.Build.0 = Debug|Any CPU
		{B44433CD-8D34-47D5-AC72-0033F80029AD}.Release|Any CPU.ActiveCfg = Release|Any CPU
		{B44433CD-8D34-47D5-AC72-0033F80029AD}.Release|Any CPU.Build.0 = Release|Any CPU
		{1004E85B-E38C-40FC-8DB1-1FECD61213DF}.Debug|Any CPU.ActiveCfg = Debug|Any CPU
		{1004E85B-E38C-40FC-8DB1-1FECD61213DF}.Debug|Any CPU.Build.0 = Debug|Any CPU
		{1004E85B-E38C-40FC-8DB1-1FECD61213DF}.Release|Any CPU.ActiveCfg = Release|Any CPU
		{1004E85B-E38C-40FC-8DB1-1FECD61213DF}.Release|Any CPU.Build.0 = Release|Any CPU
	EndGlobalSection
	GlobalSection(SolutionProperties) = preSolution
		HideSolutionNode = FALSE
	EndGlobalSection
	GlobalSection(ExtensibilityGlobals) = postSolution
		SolutionGuid = {CC2F5CE5-6956-4DF2-9252-BE096BFEF93C}
	EndGlobalSection
EndGlobal
